
Microsoft Visual Studio Solution File, Format Version 12.00
# Visual Studio Version 17
VisualStudioVersion = 17.7.34202.233
MinimumVisualStudioVersion = 10.0.40219.1
Project("{FAE04EC0-301F-11D3-BF4B-00C04F79EFBC}") = "Uifalean_Paul_Lab2", "Uifalean_Paul_Lab2.csproj", "{82CE22D8-832D-4AC3-8003-BDB79F793B60}"
EndProject
Global
	GlobalSection(SolutionConfigurationPlatforms) = preSolution
		Debug|Any CPU = Debug|Any CPU
		Release|Any CPU = Release|Any CPU
	EndGlobalSection
	GlobalSection(ProjectConfigurationPlatforms) = postSolution
		{82CE22D8-832D-4AC3-8003-BDB79F793B60}.Debug|Any CPU.ActiveCfg = Debug|Any CPU
		{82CE22D8-832D-4AC3-8003-BDB79F793B60}.Debug|Any CPU.Build.0 = Debug|Any CPU
		{82CE22D8-832D-4AC3-8003-BDB79F793B60}.Release|Any CPU.ActiveCfg = Release|Any CPU
		{82CE22D8-832D-4AC3-8003-BDB79F793B60}.Release|Any CPU.Build.0 = Release|Any CPU
	EndGlobalSection
	GlobalSection(SolutionProperties) = preSolution
		HideSolutionNode = FALSE
	EndGlobalSection
	GlobalSection(ExtensibilityGlobals) = postSolution
		SolutionGuid = {10D0991E-1069-4B87-9FF4-FEDB0AF07838}
	EndGlobalSection
EndGlobal
